{
  "name": "recipe-app",
  "version": "0.1.0",
  "lockfileVersion": 1,
  "requires": true,
  "dependencies": {
    "@redux-offline/redux-offline": {
      "version": "2.3.2",
      "resolved": "https://registry.npmjs.org/@redux-offline/redux-offline/-/redux-offline-2.3.2.tgz",
      "integrity": "sha512-lK7pij0tdmQ5EbDPz0wVAgK27lnuHTJQJKStOrGe3ObA3lnYvWoxYxxnDj9JecgbtvdpCiTpkM6C+7A/zNPlkA==",
      "requires": {
        "babel-runtime": "6.26.0",
        "redux-persist": "4.10.2"
      }
    },
    "@types/async": {
      "version": "2.0.47",
      "resolved": "https://registry.npmjs.org/@types/async/-/async-2.0.47.tgz",
      "integrity": "sha512-/mQMARXVSuGbwOFFBKA4s0qRKtOaaTgnllp3qU4sMzDVGGAroPblyd529yBALnK/WEY8nHyRGx0/RFUDmhpVmQ==",
      "optional": true
    },
    "@types/graphql": {
      "version": "0.12.6",
      "resolved": "https://registry.npmjs.org/@types/graphql/-/graphql-0.12.6.tgz",
      "integrity": "sha512-wXAVyLfkG1UMkKOdMijVWFky39+OD/41KftzqfX1Oejd0Gm6dOIKjCihSVECg6X7PHjftxXmfOKA/d1H79ZfvQ=="
    },
    "@types/zen-observable": {
      "version": "0.5.3",
      "resolved": "https://registry.npmjs.org/@types/zen-observable/-/zen-observable-0.5.3.tgz",
      "integrity": "sha512-aDvGDAHcVfUqNmd8q4//cHAP+HGxsbChbBbuk3+kMVk5TTxfWLpQWvVN3+UPjohLnwMYN7jr6BWNn2cYNqdm7g=="
    },
    "apollo-cache": {
      "version": "1.1.7",
      "resolved": "https://registry.npmjs.org/apollo-cache/-/apollo-cache-1.1.7.tgz",
      "integrity": "sha512-EZncr0DlIhGkNVvkXB2kJL5FNk3Ntpwo1Dbk3l5Vtuek6MTBm/pTwDnK+nVDnZIsmxbQ7A2oPe+Pp8SbcjhAbQ==",
      "requires": {
        "apollo-utilities": "1.0.11"
      }
    },
    "apollo-cache-inmemory": {
      "version": "1.1.12",
      "resolved": "https://registry.npmjs.org/apollo-cache-inmemory/-/apollo-cache-inmemory-1.1.12.tgz",
      "integrity": "sha512-dcdialPw2n+bj5S5CLmTdEWrl6g1n3rn4mACZJoUxMLyf2lBzuk99I4hfA2BCO4USkbwe69qC99P1I/T4w8WHg==",
      "requires": {
        "apollo-cache": "1.1.7",
        "apollo-utilities": "1.0.11",
        "graphql-anywhere": "4.1.8"
      }
    },
    "apollo-client": {
      "version": "2.2.6",
      "resolved": "https://registry.npmjs.org/apollo-client/-/apollo-client-2.2.6.tgz",
      "integrity": "sha512-yymgriabsyWmjhQDeSbFMG9+rieiUinR2uWuoCKJAm4ot6phlwioEvhTYiVJ/HLx9j+AbbQ4rKQiV5t971Yrag==",
      "requires": {
        "@types/async": "2.0.47",
        "@types/zen-observable": "0.5.3",
        "apollo-cache": "1.1.7",
        "apollo-link": "1.2.2",
        "apollo-link-dedup": "1.0.9",
        "apollo-utilities": "1.0.11",
        "symbol-observable": "1.2.0",
        "zen-observable": "0.7.1"
      }
    },
    "apollo-link": {
      "version": "1.2.2",
      "resolved": "https://registry.npmjs.org/apollo-link/-/apollo-link-1.2.2.tgz",
      "integrity": "sha512-Uk/BC09dm61DZRDSu52nGq0nFhq7mcBPTjy5EEH1eunJndtCaNXQhQz/BjkI2NdrfGI+B+i5he6YSoRBhYizdw==",
      "requires": {
        "@types/graphql": "0.12.6",
        "apollo-utilities": "1.0.11",
        "zen-observable-ts": "0.8.9"
      }
    },
    "apollo-link-context": {
      "version": "1.0.8",
      "resolved": "https://registry.npmjs.org/apollo-link-context/-/apollo-link-context-1.0.8.tgz",
      "integrity": "sha512-wgDwBbWqHblf7W0DD2b80kXLtSAfvbXnsxSrli0GuF77VwxjLChijiHinW5bjurzZvP8YRMNhitmrrF5ia7NsA==",
      "requires": {
        "apollo-link": "1.2.2"
      }
    },
    "apollo-link-dedup": {
      "version": "1.0.9",
      "resolved": "https://registry.npmjs.org/apollo-link-dedup/-/apollo-link-dedup-1.0.9.tgz",
      "integrity": "sha512-RbuEKpmSHVMtoREMPh2wUFTeh65q+0XPVeqgaOP/rGEAfvLyOMvX0vT2nVaejMohoMxuUnfZwpldXaDFWnlVbg==",
      "requires": {
        "apollo-link": "1.2.2"
      }
    },
    "apollo-link-http": {
      "version": "1.5.4",
      "resolved": "https://registry.npmjs.org/apollo-link-http/-/apollo-link-http-1.5.4.tgz",
      "integrity": "sha512-e9Ng3HfnW00Mh3TI6DhNRfozmzQOtKgdi+qUAsHBOEcTP0PTAmb+9XpeyEEOueLyO0GXhB92HUCIhzrWMXgwyg==",
      "requires": {
        "apollo-link": "1.2.2",
        "apollo-link-http-common": "0.2.4"
      }
    },
    "apollo-link-http-common": {
      "version": "0.2.4",
      "resolved": "https://registry.npmjs.org/apollo-link-http-common/-/apollo-link-http-common-0.2.4.tgz",
      "integrity": "sha512-4j6o6WoXuSPen9xh4NBaX8/vL98X1xY2cYzUEK1F8SzvHe2oFONfxJBTekwU8hnvapcuq8Qh9Uct+gelu8T10g==",
      "requires": {
        "apollo-link": "1.2.2"
      }
    },
    "apollo-utilities": {
      "version": "1.0.11",
      "resolved": "https://registry.npmjs.org/apollo-utilities/-/apollo-utilities-1.0.11.tgz",
      "integrity": "sha512-SAjRTqcYVHwpct+bcwX3x3zGEQOkNzj3Ri7Iy+vFIozxS8xtdkQqPiML7S6EI9Q2IuimQ7gvuYFHY0HQK0O1AA=="
    },
    "asap": {
      "version": "2.0.6",
      "resolved": "https://registry.npmjs.org/asap/-/asap-2.0.6.tgz",
      "integrity": "sha1-5QNHYR1+aQlDIIu9r+vLwvuGbUY="
    },
    "aws-appsync": {
      "version": "1.0.15",
      "resolved": "https://registry.npmjs.org/aws-appsync/-/aws-appsync-1.0.15.tgz",
      "integrity": "sha1-IOVrdqPpVpGXrmV5WIdgdt+PMa8=",
      "requires": {
        "@redux-offline/redux-offline": "2.3.2",
        "apollo-cache-inmemory": "1.1.12",
        "apollo-client": "2.2.6",
        "apollo-link": "1.2.2",
        "apollo-link-context": "1.0.8",
        "apollo-link-http": "1.5.4",
        "aws-sdk": "2.224.1",
        "graphql": "0.11.7",
        "paho-client": "1.0.1",
        "redux": "3.7.2",
        "redux-thunk": "2.2.0",
        "setimmediate": "1.0.5",
        "url": "0.11.0"
      }
    },
    "aws-appsync-react": {
      "version": "1.0.8",
      "resolved": "https://registry.npmjs.org/aws-appsync-react/-/aws-appsync-react-1.0.8.tgz",
      "integrity": "sha1-mg3JM/YR5Mam9qptmRxS3WM7ZRg=",
      "requires": {
        "aws-appsync": "1.0.15",
        "prop-types": "15.6.1"
      }
    },
    "aws-sdk": {
      "version": "2.224.1",
      "resolved": "https://registry.npmjs.org/aws-sdk/-/aws-sdk-2.224.1.tgz",
      "integrity": "sha1-gv6T4Qs+gY8xXDXOhmfNyNuUoLM=",
      "requires": {
        "buffer": "4.9.1",
        "events": "1.1.1",
        "ieee754": "1.1.8",
        "jmespath": "0.15.0",
        "querystring": "0.2.0",
        "sax": "1.2.1",
        "url": "0.10.3",
        "uuid": "3.1.0",
        "xml2js": "0.4.17",
        "xmlbuilder": "4.2.1"
      },
      "dependencies": {
        "url": {
          "version": "0.10.3",
          "resolved": "https://registry.npmjs.org/url/-/url-0.10.3.tgz",
          "integrity": "sha1-Ah5NnHcF8hu/N9A861h2dAJ3TGQ=",
          "requires": {
            "punycode": "1.3.2",
            "querystring": "0.2.0"
          }
        }
      }
    },
    "babel-runtime": {
      "version": "6.26.0",
      "resolved": "https://registry.npmjs.org/babel-runtime/-/babel-runtime-6.26.0.tgz",
      "integrity": "sha1-llxwWGaOgrVde/4E/yM3vItWR/4=",
      "requires": {
        "core-js": "2.5.5",
        "regenerator-runtime": "0.11.1"
      }
    },
    "base64-js": {
      "version": "1.2.3",
      "resolved": "https://registry.npmjs.org/base64-js/-/base64-js-1.2.3.tgz",
      "integrity": "sha512-MsAhsUW1GxCdgYSO6tAfZrNapmUKk7mWx/k5mFY/A1gBtkaCaNapTg+FExCw1r9yeaZhqx/xPg43xgTFH6KL5w=="
    },
    "bowser": {
      "version": "1.9.3",
      "resolved": "https://registry.npmjs.org/bowser/-/bowser-1.9.3.tgz",
      "integrity": "sha512-/gp96UlcFw5DbV2KQPCqTqi0Mb9gZRyDAHiDsGEH+4B/KOQjeoE5lM1PxlVX8DQDvfEfitmC1rW2Oy8fk/XBDg=="
    },
    "buffer": {
      "version": "4.9.1",
      "resolved": "https://registry.npmjs.org/buffer/-/buffer-4.9.1.tgz",
      "integrity": "sha1-bRu2AbB6TvztlwlBMgkwJ8lbwpg=",
      "requires": {
        "base64-js": "1.2.3",
        "ieee754": "1.1.8",
        "isarray": "1.0.0"
      }
    },
    "coffee-script": {
      "version": "1.12.7",
      "resolved": "https://registry.npmjs.org/coffee-script/-/coffee-script-1.12.7.tgz",
      "integrity": "sha512-fLeEhqwymYat/MpTPUjSKHVYYl0ec2mOyALEMLmzr5i1isuG+6jfI2j2d5oBO3VIzgUXgBVIcOT9uH1TFxBckw=="
    },
    "core-js": {
      "version": "2.5.5",
      "resolved": "https://registry.npmjs.org/core-js/-/core-js-2.5.5.tgz",
      "integrity": "sha1-sU3ek2xkDAV5prUMq8wTLdYSfjs="
    },
    "css-in-js-utils": {
      "version": "2.0.1",
      "resolved": "https://registry.npmjs.org/css-in-js-utils/-/css-in-js-utils-2.0.1.tgz",
      "integrity": "sha512-PJF0SpJT+WdbVVt0AOYp9C8GnuruRlL/UFW7932nLWmFLQTaWEzTBQEx7/hn4BuV+WON75iAViSUJLiU3PKbpA==",
      "requires": {
        "hyphenate-style-name": "1.0.2",
        "isobject": "3.0.1"
      }
    },
    "debug": {
      "version": "2.6.9",
      "resolved": "https://registry.npmjs.org/debug/-/debug-2.6.9.tgz",
      "integrity": "sha512-bC7ElrdJaJnPbAP+1EotYvqZsb3ecl5wi6Bfi6BJTUcNowp6cvspg0jXznRTKDjm/E7AdgFBVeAPVMNcKGsHMA==",
      "requires": {
        "ms": "2.0.0"
      }
    },
    "encoding": {
      "version": "0.1.12",
      "resolved": "https://registry.npmjs.org/encoding/-/encoding-0.1.12.tgz",
      "integrity": "sha1-U4tm8+5izRq1HsMjgp0flIDHS+s=",
      "requires": {
        "iconv-lite": "0.4.21"
      }
    },
    "events": {
      "version": "1.1.1",
      "resolved": "https://registry.npmjs.org/events/-/events-1.1.1.tgz",
      "integrity": "sha1-nr23Y1rQmccNzEwqH1AEKI6L2SQ="
    },
    "fbjs": {
      "version": "0.8.16",
      "resolved": "https://registry.npmjs.org/fbjs/-/fbjs-0.8.16.tgz",
      "integrity": "sha1-XmdDL1UNxBtXK/VYR7ispk5TN9s=",
      "requires": {
        "core-js": "1.2.7",
        "isomorphic-fetch": "2.2.1",
        "loose-envify": "1.3.1",
        "object-assign": "4.1.1",
        "promise": "7.3.1",
        "setimmediate": "1.0.5",
        "ua-parser-js": "0.7.17"
      },
      "dependencies": {
        "core-js": {
          "version": "1.2.7",
          "resolved": "https://registry.npmjs.org/core-js/-/core-js-1.2.7.tgz",
          "integrity": "sha1-ZSKUwUZR2yj6k70tX/KYOk8IxjY="
        }
      }
    },
    "fileset": {
      "version": "0.1.8",
      "resolved": "https://registry.npmjs.org/fileset/-/fileset-0.1.8.tgz",
      "integrity": "sha1-UGuRqTluqn4y+0KoQHfHoMc2t0E=",
      "requires": {
        "glob": "3.2.11",
        "minimatch": "0.2.14"
      }
    },
    "gaze": {
      "version": "0.3.4",
      "resolved": "https://registry.npmjs.org/gaze/-/gaze-0.3.4.tgz",
      "integrity": "sha1-X5S92gr+U7xxCWm81vKCVI1gwnk=",
      "requires": {
        "fileset": "0.1.8",
        "minimatch": "0.2.14"
      }
    },
    "glamor": {
      "version": "2.20.40",
      "resolved": "https://registry.npmjs.org/glamor/-/glamor-2.20.40.tgz",
      "integrity": "sha512-DNXCd+c14N9QF8aAKrfl4xakPk5FdcFwmH7sD0qnC0Pr7xoZ5W9yovhUrY/dJc3psfGGXC58vqQyRtuskyUJxA==",
      "requires": {
        "fbjs": "0.8.16",
        "inline-style-prefixer": "3.0.8",
        "object-assign": "4.1.1",
        "prop-types": "15.6.1",
        "through": "2.3.8"
      }
    },
    "glob": {
      "version": "3.2.11",
      "resolved": "https://registry.npmjs.org/glob/-/glob-3.2.11.tgz",
      "integrity": "sha1-Spc/Y1uRkPcV0QmH1cAP0oFevj0=",
      "requires": {
        "inherits": "2.0.3",
        "minimatch": "0.3.0"
      },
      "dependencies": {
        "minimatch": {
          "version": "0.3.0",
          "resolved": "https://registry.npmjs.org/minimatch/-/minimatch-0.3.0.tgz",
          "integrity": "sha1-J12O2qxPG7MyZHIInnlJyDlGmd0=",
          "requires": {
            "lru-cache": "2.7.3",
            "sigmund": "1.0.1"
          }
        }
      }
    },
    "graphql": {
      "version": "0.11.7",
      "resolved": "https://registry.npmjs.org/graphql/-/graphql-0.11.7.tgz",
      "integrity": "sha512-x7uDjyz8Jx+QPbpCFCMQ8lltnQa4p4vSYHx6ADe8rVYRTdsyhCJbvSty5DAsLVmU6cGakl+r8HQYolKHxk/tiw==",
      "requires": {
        "iterall": "1.1.3"
      }
    },
    "graphql-anywhere": {
      "version": "4.1.8",
      "resolved": "https://registry.npmjs.org/graphql-anywhere/-/graphql-anywhere-4.1.8.tgz",
      "integrity": "sha512-beHsTvul0izwSTA4Av0V5QNx5WKa4rsdiYZ8xBs08x7ya4+hpuXSMye4uztqIUqCBhI0BpvfTuGvXyPeYCNwgQ==",
      "requires": {
        "apollo-utilities": "1.0.11"
      }
    },
    "graphql-tag": {
      "version": "2.8.0",
      "resolved": "https://registry.npmjs.org/graphql-tag/-/graphql-tag-2.8.0.tgz",
      "integrity": "sha1-Us3qB6hCFU7BGi6EDBG5d/m4Nc4="
    },
    "growl": {
      "version": "1.7.0",
      "resolved": "https://registry.npmjs.org/growl/-/growl-1.7.0.tgz",
      "integrity": "sha1-3i1mE20ALhErpw8/EMMc98NQsto="
    },
    "history": {
      "version": "4.7.2",
      "resolved": "https://registry.npmjs.org/history/-/history-4.7.2.tgz",
      "integrity": "sha512-1zkBRWW6XweO0NBcjiphtVJVsIQ+SXF29z9DVkceeaSLVMFXHool+fdCZD4spDCfZJCILPILc3bm7Bc+HRi0nA==",
      "requires": {
        "invariant": "2.2.4",
        "loose-envify": "1.3.1",
        "resolve-pathname": "2.2.0",
        "value-equal": "0.4.0",
        "warning": "3.0.0"
      }
    },
    "hoist-non-react-statics": {
      "version": "2.5.0",
      "resolved": "https://registry.npmjs.org/hoist-non-react-statics/-/hoist-non-react-statics-2.5.0.tgz",
      "integrity": "sha512-6Bl6XsDT1ntE0lHbIhr4Kp2PGcleGZ66qu5Jqk8lc0Xc/IeG6gVLmwUGs/K0Us+L8VWoKgj0uWdPMataOsm31w=="
    },
    "hyphenate-style-name": {
      "version": "1.0.2",
      "resolved": "https://registry.npmjs.org/hyphenate-style-name/-/hyphenate-style-name-1.0.2.tgz",
      "integrity": "sha1-MRYKNpMK2vH8BMYHT360FGXU7Es="
    },
    "iconv-lite": {
      "version": "0.4.21",
      "resolved": "https://registry.npmjs.org/iconv-lite/-/iconv-lite-0.4.21.tgz",
      "integrity": "sha512-En5V9za5mBt2oUA03WGD3TwDv0MKAruqsuxstbMUZaj9W9k/m1CV/9py3l0L5kw9Bln8fdHQmzHSYtvpvTLpKw==",
      "requires": {
        "safer-buffer": "2.1.2"
      }
    },
    "ieee754": {
      "version": "1.1.8",
      "resolved": "https://registry.npmjs.org/ieee754/-/ieee754-1.1.8.tgz",
      "integrity": "sha1-vjPUCsEO8ZJnAfbwii2G+/0a0+Q="
    },
    "inherits": {
      "version": "2.0.3",
      "resolved": "https://registry.npmjs.org/inherits/-/inherits-2.0.3.tgz",
      "integrity": "sha1-Yzwsg+PaQqUC9SRmAiSA9CCCYd4="
    },
    "inline-style-prefixer": {
      "version": "3.0.8",
      "resolved": "https://registry.npmjs.org/inline-style-prefixer/-/inline-style-prefixer-3.0.8.tgz",
      "integrity": "sha1-hVG45bTVcyROZqNLBPfTIHaitTQ=",
      "requires": {
        "bowser": "1.9.3",
        "css-in-js-utils": "2.0.1"
      }
    },
    "invariant": {
      "version": "2.2.4",
      "resolved": "https://registry.npmjs.org/invariant/-/invariant-2.2.4.tgz",
      "integrity": "sha512-phJfQVBuaJM5raOpJjSfkiD6BpbCE4Ns//LaXl6wGYtUBY83nWS6Rf9tXm2e8VaK60JEjYldbPif/A2B1C2gNA==",
      "requires": {
        "loose-envify": "1.3.1"
      }
    },
    "is-stream": {
      "version": "1.1.0",
      "resolved": "https://registry.npmjs.org/is-stream/-/is-stream-1.1.0.tgz",
      "integrity": "sha1-EtSj3U5o4Lec6428hBc66A2RykQ="
    },
    "is-typedarray": {
      "version": "1.0.0",
      "resolved": "https://registry.npmjs.org/is-typedarray/-/is-typedarray-1.0.0.tgz",
      "integrity": "sha1-5HnICFjfDBsR3dppQPlgEfzaSpo="
    },
    "isarray": {
      "version": "1.0.0",
      "resolved": "https://registry.npmjs.org/isarray/-/isarray-1.0.0.tgz",
      "integrity": "sha1-u5NdSFgsuhaMBoNJV6VKPgcSTxE="
    },
    "isobject": {
      "version": "3.0.1",
      "resolved": "https://registry.npmjs.org/isobject/-/isobject-3.0.1.tgz",
      "integrity": "sha1-TkMekrEalzFjaqH5yNHMvP2reN8="
    },
    "isomorphic-fetch": {
      "version": "2.2.1",
      "resolved": "https://registry.npmjs.org/isomorphic-fetch/-/isomorphic-fetch-2.2.1.tgz",
      "integrity": "sha1-YRrhrPFPXoH3KVB0coGf6XM1WKk=",
      "requires": {
        "node-fetch": "1.7.3",
        "whatwg-fetch": "2.0.4"
      }
    },
    "iterall": {
      "version": "1.1.3",
      "resolved": "https://registry.npmjs.org/iterall/-/iterall-1.1.3.tgz",
      "integrity": "sha512-Cu/kb+4HiNSejAPhSaN1VukdNTTi/r4/e+yykqjlG/IW+1gZH5b4+Bq3whDX4tvbYugta3r8KTMUiqT3fIGxuQ=="
    },
    "jasmine-growl-reporter": {
      "version": "0.0.3",
      "resolved": "https://registry.npmjs.org/jasmine-growl-reporter/-/jasmine-growl-reporter-0.0.3.tgz",
      "integrity": "sha1-uHrlUeNZ0orVIXdl6u9sB7dj9sg=",
      "requires": {
        "growl": "1.7.0"
      }
    },
    "jasmine-node": {
      "version": "1.11.0",
      "resolved": "https://registry.npmjs.org/jasmine-node/-/jasmine-node-1.11.0.tgz",
      "integrity": "sha1-yWfkdxA5gXIJK4ST9CUkjqmmn6Y=",
      "requires": {
        "coffee-script": "1.12.7",
        "gaze": "0.3.4",
        "jasmine-growl-reporter": "0.0.3",
        "jasmine-reporters": "2.3.0",
        "mkdirp": "0.3.5",
        "requirejs": "2.3.5",
        "underscore": "1.8.3",
        "walkdir": "0.0.12"
      }
    },
    "jasmine-reporters": {
      "version": "2.3.0",
      "resolved": "https://registry.npmjs.org/jasmine-reporters/-/jasmine-reporters-2.3.0.tgz",
      "integrity": "sha1-64y3NZZYVyqH7vSqCIo2MDbzeSo=",
      "requires": {
        "mkdirp": "0.5.1",
        "xmldom": "0.1.27"
      },
      "dependencies": {
        "mkdirp": {
          "version": "0.5.1",
          "resolved": "https://registry.npmjs.org/mkdirp/-/mkdirp-0.5.1.tgz",
          "integrity": "sha1-MAV0OOrGz3+MR2fzhkjWaX11yQM=",
          "requires": {
            "minimist": "0.0.8"
          }
        }
      }
    },
    "jmespath": {
      "version": "0.15.0",
      "resolved": "https://registry.npmjs.org/jmespath/-/jmespath-0.15.0.tgz",
      "integrity": "sha1-o/Iiqarp+Wb10nx5ZRDigJF2Qhc="
    },
    "js-tokens": {
      "version": "3.0.2",
      "resolved": "https://registry.npmjs.org/js-tokens/-/js-tokens-3.0.2.tgz",
      "integrity": "sha1-mGbfOVECEw449/mWvOtlRDIJwls="
    },
    "json-stringify-safe": {
      "version": "5.0.1",
      "resolved": "https://registry.npmjs.org/json-stringify-safe/-/json-stringify-safe-5.0.1.tgz",
      "integrity": "sha1-Epai1Y/UXxmg9s4B1lcB4sc1tus="
    },
    "lodash": {
      "version": "4.17.5",
      "resolved": "https://registry.npmjs.org/lodash/-/lodash-4.17.5.tgz",
      "integrity": "sha512-svL3uiZf1RwhH+cWrfZn3A4+U58wbP0tGVTLQPbjplZxZ8ROD9VLuNgsRniTlLe7OlSqR79RUehXgpBW/s0IQw=="
    },
    "lodash-es": {
      "version": "4.17.8",
      "resolved": "https://registry.npmjs.org/lodash-es/-/lodash-es-4.17.8.tgz",
      "integrity": "sha512-I9mjAxengFAleSThFhhAhvba6fsO0hunb9/0sQ6qQihSZsJRBofv2rYH58WXaOb/O++eUmYpCLywSQ22GfU+sA=="
    },
    "loose-envify": {
      "version": "1.3.1",
      "resolved": "https://registry.npmjs.org/loose-envify/-/loose-envify-1.3.1.tgz",
      "integrity": "sha1-0aitM/qc4OcT1l/dCsi3SNR4yEg=",
      "requires": {
        "js-tokens": "3.0.2"
      }
    },
    "lru-cache": {
      "version": "2.7.3",
      "resolved": "https://registry.npmjs.org/lru-cache/-/lru-cache-2.7.3.tgz",
      "integrity": "sha1-bUUk6LlV+V1PW1iFHOId1y+06VI="
    },
    "minimatch": {
      "version": "0.2.14",
      "resolved": "https://registry.npmjs.org/minimatch/-/minimatch-0.2.14.tgz",
      "integrity": "sha1-x054BXT2PG+aCQ6Q775u9TpqdWo=",
      "requires": {
        "lru-cache": "2.7.3",
        "sigmund": "1.0.1"
      }
    },
    "minimist": {
      "version": "0.0.8",
      "resolved": "https://registry.npmjs.org/minimist/-/minimist-0.0.8.tgz",
      "integrity": "sha1-hX/Kv8M5fSYluCKCYuhqp6ARsF0="
    },
    "mkdirp": {
      "version": "0.3.5",
      "resolved": "https://registry.npmjs.org/mkdirp/-/mkdirp-0.3.5.tgz",
      "integrity": "sha1-3j5fiWHIjHh+4TaN+EmsRBPsqNc="
    },
    "ms": {
      "version": "2.0.0",
      "resolved": "https://registry.npmjs.org/ms/-/ms-2.0.0.tgz",
      "integrity": "sha1-VgiurfwAvmwpAd9fmGF4jeDVl8g="
    },
    "nan": {
      "version": "2.10.0",
      "resolved": "https://registry.npmjs.org/nan/-/nan-2.10.0.tgz",
      "integrity": "sha512-bAdJv7fBLhWC+/Bls0Oza+mvTaNQtP+1RyhhhvD95pgUJz6XM5IzgmxOkItJ9tkoCiplvAnXI1tNmmUD/eScyA=="
    },
    "node-fetch": {
      "version": "1.7.3",
      "resolved": "https://registry.npmjs.org/node-fetch/-/node-fetch-1.7.3.tgz",
      "integrity": "sha512-NhZ4CsKx7cYm2vSrBAr2PvFOe6sWDf0UYLRqA6svUYg7+/TSfVAu49jYC4BvQ4Sms9SZgdqGBgroqfDhJdTyKQ==",
      "requires": {
        "encoding": "0.1.12",
        "is-stream": "1.1.0"
      }
    },
    "node-localstorage": {
      "version": "0.6.0",
      "resolved": "https://registry.npmjs.org/node-localstorage/-/node-localstorage-0.6.0.tgz",
      "integrity": "sha1-RaBgHGky395mRKIzYfG+Fzx1068="
    },
    "object-assign": {
      "version": "4.1.1",
      "resolved": "https://registry.npmjs.org/object-assign/-/object-assign-4.1.1.tgz",
      "integrity": "sha1-IQmtx5ZYh8/AXLvUQsrIv7s2CGM="
    },
    "paho-client": {
      "version": "1.0.1",
      "resolved": "https://registry.npmjs.org/paho-client/-/paho-client-1.0.1.tgz",
      "integrity": "sha1-yZDs3oHRAoQ3y247s4XeABgNSdg=",
      "requires": {
        "jasmine-node": "1.11.0",
        "node-localstorage": "0.6.0",
        "websocket": "1.0.25"
      }
    },
    "path-to-regexp": {
      "version": "1.7.0",
      "resolved": "https://registry.npmjs.org/path-to-regexp/-/path-to-regexp-1.7.0.tgz",
      "integrity": "sha1-Wf3g9DW62suhA6hOnTvGTpa5k30=",
      "requires": {
        "isarray": "0.0.1"
      },
      "dependencies": {
        "isarray": {
          "version": "0.0.1",
          "resolved": "https://registry.npmjs.org/isarray/-/isarray-0.0.1.tgz",
          "integrity": "sha1-ihis/Kmo9Bd+Cav8YDiTmwXR7t8="
        }
      }
    },
    "promise": {
      "version": "7.3.1",
      "resolved": "https://registry.npmjs.org/promise/-/promise-7.3.1.tgz",
      "integrity": "sha512-nolQXZ/4L+bP/UGlkfaIujX9BKxGwmQ9OT4mOt5yvy8iK1h3wqTEJCijzGANTCCl9nWjY41juyAn2K3Q1hLLTg==",
      "requires": {
        "asap": "2.0.6"
      }
    },
    "prop-types": {
      "version": "15.6.1",
      "resolved": "https://registry.npmjs.org/prop-types/-/prop-types-15.6.1.tgz",
      "integrity": "sha512-4ec7bY1Y66LymSUOH/zARVYObB23AT2h8cf6e/O6ZALB/N0sqZFEx7rq6EYPX2MkOdKORuooI/H5k9TlR4q7kQ==",
      "requires": {
        "fbjs": "0.8.16",
        "loose-envify": "1.3.1",
        "object-assign": "4.1.1"
      }
    },
    "punycode": {
      "version": "1.3.2",
      "resolved": "https://registry.npmjs.org/punycode/-/punycode-1.3.2.tgz",
      "integrity": "sha1-llOgNvt8HuQjQvIyXM7v6jkmxI0="
    },
    "querystring": {
      "version": "0.2.0",
      "resolved": "https://registry.npmjs.org/querystring/-/querystring-0.2.0.tgz",
      "integrity": "sha1-sgmEkgO7Jd+CDadW50cAWHhSFiA="
    },
    "react-apollo": {
      "version": "2.1.3",
      "resolved": "https://registry.npmjs.org/react-apollo/-/react-apollo-2.1.3.tgz",
      "integrity": "sha512-zndq2vn7TfrS3p9Ofd+V9wJSvYU4R+GT8BiX5O99oxiGeL0QrrBkT4F/IBnCGUbluSaSXdIhpgJ4Tp10tZHt2A==",
      "requires": {
        "fbjs": "0.8.16",
        "hoist-non-react-statics": "2.5.0",
        "invariant": "2.2.4",
        "lodash": "4.17.5",
        "prop-types": "15.6.1"
      }
    },
    "react-router": {
      "version": "4.2.0",
      "resolved": "https://registry.npmjs.org/react-router/-/react-router-4.2.0.tgz",
      "integrity": "sha512-DY6pjwRhdARE4TDw7XjxjZsbx9lKmIcyZoZ+SDO7SBJ1KUeWNxT22Kara2AC7u6/c2SYEHlEDLnzBCcNhLE8Vg==",
      "requires": {
        "history": "4.7.2",
        "hoist-non-react-statics": "2.5.0",
        "invariant": "2.2.4",
        "loose-envify": "1.3.1",
        "path-to-regexp": "1.7.0",
        "prop-types": "15.6.1",
        "warning": "3.0.0"
      }
    },
    "react-router-dom": {
      "version": "4.2.2",
      "resolved": "https://registry.npmjs.org/react-router-dom/-/react-router-dom-4.2.2.tgz",
      "integrity": "sha512-cHMFC1ZoLDfEaMFoKTjN7fry/oczMgRt5BKfMAkTu5zEuJvUiPp1J8d0eXSVTnBh6pxlbdqDhozunOOLtmKfPA==",
      "requires": {
        "history": "4.7.2",
        "invariant": "2.2.4",
        "loose-envify": "1.3.1",
        "prop-types": "15.6.1",
        "react-router": "4.2.0",
        "warning": "3.0.0"
      }
    },
    "redux": {
      "version": "3.7.2",
      "resolved": "https://registry.npmjs.org/redux/-/redux-3.7.2.tgz",
      "integrity": "sha512-pNqnf9q1hI5HHZRBkj3bAngGZW/JMCmexDlOxw4XagXY2o1327nHH54LoTjiPJ0gizoqPDRqWyX/00g0hD6w+A==",
      "requires": {
        "lodash": "4.17.5",
        "lodash-es": "4.17.8",
        "loose-envify": "1.3.1",
        "symbol-observable": "1.2.0"
      }
    },
    "redux-persist": {
      "version": "4.10.2",
      "resolved": "https://registry.npmjs.org/redux-persist/-/redux-persist-4.10.2.tgz",
      "integrity": "sha512-U+e0ieMGC69Zr72929iJW40dEld7Mflh6mu0eJtVMLGfMq/aJqjxUM1hzyUWMR1VUyAEEdPHuQmeq5ti9krIgg==",
      "requires": {
        "json-stringify-safe": "5.0.1",
        "lodash": "4.17.5",
        "lodash-es": "4.17.8"
      }
    },
    "redux-thunk": {
      "version": "2.2.0",
      "resolved": "https://registry.npmjs.org/redux-thunk/-/redux-thunk-2.2.0.tgz",
      "integrity": "sha1-5hWhbha0ehmlFXZhM9Hj6Zt4UuU="
    },
    "regenerator-runtime": {
      "version": "0.11.1",
      "resolved": "https://registry.npmjs.org/regenerator-runtime/-/regenerator-runtime-0.11.1.tgz",
      "integrity": "sha512-MguG95oij0fC3QV3URf4V2SDYGJhJnJGqvIIgdECeODCT98wSWDAJ94SSuVpYQUoTcGUIL6L4yNB7j1DFFHSBg=="
    },
    "requirejs": {
      "version": "2.3.5",
      "resolved": "https://registry.npmjs.org/requirejs/-/requirejs-2.3.5.tgz",
      "integrity": "sha512-svnO+aNcR/an9Dpi44C7KSAy5fFGLtmPbaaCeQaklUz8BQhS64tWWIIlvEA5jrWICzlO/X9KSzSeXFnZdBu8nw=="
    },
    "resolve-pathname": {
      "version": "2.2.0",
      "resolved": "https://registry.npmjs.org/resolve-pathname/-/resolve-pathname-2.2.0.tgz",
      "integrity": "sha512-bAFz9ld18RzJfddgrO2e/0S2O81710++chRMUxHjXOYKF6jTAMrUNZrEZ1PvV0zlhfjidm08iRPdTLPno1FuRg=="
    },
    "safer-buffer": {
      "version": "2.1.2",
      "resolved": "https://registry.npmjs.org/safer-buffer/-/safer-buffer-2.1.2.tgz",
      "integrity": "sha512-YZo3K82SD7Riyi0E1EQPojLz7kpepnSQI9IyPbHHg1XXXevb5dJI7tpyN2ADxGcQbHG7vcyRHk0cbwqcQriUtg=="
    },
    "sax": {
      "version": "1.2.1",
      "resolved": "https://registry.npmjs.org/sax/-/sax-1.2.1.tgz",
      "integrity": "sha1-e45lYZCyKOgaZq6nSEgNgozS03o="
    },
    "setimmediate": {
      "version": "1.0.5",
      "resolved": "https://registry.npmjs.org/setimmediate/-/setimmediate-1.0.5.tgz",
      "integrity": "sha1-KQy7Iy4waULX1+qbg3Mqt4VvgoU="
    },
    "sigmund": {
      "version": "1.0.1",
      "resolved": "https://registry.npmjs.org/sigmund/-/sigmund-1.0.1.tgz",
      "integrity": "sha1-P/IfGYytIXX587eBhT/ZTQ0ZtZA="
    },
    "symbol-observable": {
      "version": "1.2.0",
      "resolved": "https://registry.npmjs.org/symbol-observable/-/symbol-observable-1.2.0.tgz",
      "integrity": "sha512-e900nM8RRtGhlV36KGEU9k65K3mPb1WV70OdjfxlG2EAuM1noi/E/BaW/uMhL7bPEssK8QV57vN3esixjUvcXQ=="
    },
    "through": {
      "version": "2.3.8",
      "resolved": "https://registry.npmjs.org/through/-/through-2.3.8.tgz",
      "integrity": "sha1-DdTJ/6q8NXlgsbckEV1+Doai4fU="
    },
    "typedarray-to-buffer": {
      "version": "3.1.5",
      "resolved": "https://registry.npmjs.org/typedarray-to-buffer/-/typedarray-to-buffer-3.1.5.tgz",
      "integrity": "sha512-zdu8XMNEDepKKR+XYOXAVPtWui0ly0NtohUscw+UmaHiAWT8hrV1rr//H6V+0DvJ3OQ19S979M0laLfX8rm82Q==",
      "requires": {
        "is-typedarray": "1.0.0"
      }
    },
    "ua-parser-js": {
      "version": "0.7.17",
      "resolved": "https://registry.npmjs.org/ua-parser-js/-/ua-parser-js-0.7.17.tgz",
      "integrity": "sha512-uRdSdu1oA1rncCQL7sCj8vSyZkgtL7faaw9Tc9rZ3mGgraQ7+Pdx7w5mnOSF3gw9ZNG6oc+KXfkon3bKuROm0g=="
    },
    "underscore": {
      "version": "1.8.3",
      "resolved": "https://registry.npmjs.org/underscore/-/underscore-1.8.3.tgz",
      "integrity": "sha1-Tz+1OxBuYJf8+ctBCfKl6b36UCI="
    },
    "url": {
      "version": "0.11.0",
      "resolved": "https://registry.npmjs.org/url/-/url-0.11.0.tgz",
      "integrity": "sha1-ODjpfPxgUh63PFJajlW/3Z4uKPE=",
      "requires": {
        "punycode": "1.3.2",
        "querystring": "0.2.0"
      }
    },
    "uuid": {
      "version": "3.1.0",
      "resolved": "https://registry.npmjs.org/uuid/-/uuid-3.1.0.tgz",
      "integrity": "sha512-DIWtzUkw04M4k3bf1IcpS2tngXEL26YUD2M0tMDUpnUrz2hgzUBlD55a4FjdLGPvfHxS6uluGWvaVEqgBcVa+g=="
    },
    "value-equal": {
      "version": "0.4.0",
      "resolved": "https://registry.npmjs.org/value-equal/-/value-equal-0.4.0.tgz",
      "integrity": "sha512-x+cYdNnaA3CxvMaTX0INdTCN8m8aF2uY9BvEqmxuYp8bL09cs/kWVQPVGcA35fMktdOsP69IgU7wFj/61dJHEw=="
    },
    "walkdir": {
      "version": "0.0.12",
      "resolved": "https://registry.npmjs.org/walkdir/-/walkdir-0.0.12.tgz",
      "integrity": "sha512-HFhaD4mMWPzFSqhpyDG48KDdrjfn409YQuVW7ckZYhW4sE87mYtWifdB/+73RA7+p4s4K18n5Jfx1kHthE1gBw=="
    },
    "warning": {
      "version": "3.0.0",
      "resolved": "https://registry.npmjs.org/warning/-/warning-3.0.0.tgz",
      "integrity": "sha1-MuU3fLVy3kqwR1O9+IIcAe1gW3w=",
      "requires": {
        "loose-envify": "1.3.1"
      }
    },
    "websocket": {
      "version": "1.0.25",
      "resolved": "https://registry.npmjs.org/websocket/-/websocket-1.0.25.tgz",
      "integrity": "sha512-M58njvi6ZxVb5k7kpnHh2BvNKuBWiwIYvsToErBzWhvBZYwlEiLcyLrG41T1jRcrY9ettqPYEqduLI7ul54CVQ==",
      "requires": {
        "debug": "2.6.9",
        "nan": "2.10.0",
        "typedarray-to-buffer": "3.1.5",
        "yaeti": "0.0.6"
      }
    },
    "whatwg-fetch": {
      "version": "2.0.4",
      "resolved": "https://registry.npmjs.org/whatwg-fetch/-/whatwg-fetch-2.0.4.tgz",
      "integrity": "sha512-dcQ1GWpOD/eEQ97k66aiEVpNnapVj90/+R+SXTPYGHpYBBypfKJEQjLrvMZ7YXbKm21gXd4NcuxUTjiv1YtLng=="
    },
    "xml2js": {
      "version": "0.4.17",
      "resolved": "https://registry.npmjs.org/xml2js/-/xml2js-0.4.17.tgz",
      "integrity": "sha1-F76T6q4/O3eTWceVtBlwWogX6Gg=",
      "requires": {
        "sax": "1.2.1",
        "xmlbuilder": "4.2.1"
      }
    },
    "xmlbuilder": {
      "version": "4.2.1",
      "resolved": "https://registry.npmjs.org/xmlbuilder/-/xmlbuilder-4.2.1.tgz",
      "integrity": "sha1-qlijBBoGb5DqoWwvU4n/GfP0YaU=",
      "requires": {
        "lodash": "4.17.5"
      }
    },
    "xmldom": {
      "version": "0.1.27",
      "resolved": "https://registry.npmjs.org/xmldom/-/xmldom-0.1.27.tgz",
      "integrity": "sha1-1QH5ezvbQDr4757MIFcxh6rawOk="
    },
    "yaeti": {
      "version": "0.0.6",
      "resolved": "https://registry.npmjs.org/yaeti/-/yaeti-0.0.6.tgz",
      "integrity": "sha1-8m9ITXJoTPQr7ft2lwqhYI+/lXc="
    },
    "zen-observable": {
      "version": "0.7.1",
      "resolved": "https://registry.npmjs.org/zen-observable/-/zen-observable-0.7.1.tgz",
      "integrity": "sha512-OI6VMSe0yeqaouIXtedC+F55Sr6r9ppS7+wTbSexkYdHbdt4ctTuPNXP/rwm7GTVI63YBc+EBT0b0tl7YnJLRg=="
    },
    "zen-observable-ts": {
      "version": "0.8.9",
      "resolved": "https://registry.npmjs.org/zen-observable-ts/-/zen-observable-ts-0.8.9.tgz",
      "integrity": "sha512-KJz2O8FxbAdAU5CSc8qZ1K2WYEJb1HxS6XDRF+hOJ1rOYcg6eTMmS9xYHCXzqZZzKw6BbXWyF4UpwSsBQnHJeA==",
      "requires": {
        "zen-observable": "0.8.8"
      },
      "dependencies": {
        "zen-observable": {
          "version": "0.8.8",
          "resolved": "https://registry.npmjs.org/zen-observable/-/zen-observable-0.8.8.tgz",
          "integrity": "sha512-HnhhyNnwTFzS48nihkCZIJGsWGFcYUz+XPDlPK5W84Ifji8SksC6m7sQWOf8zdCGhzQ4tDYuMYGu5B0N1dXTtg=="
        }
      }
    }
  }
}
